
Microsoft Visual Studio Solution File, Format Version 12.00
# Visual Studio Version 17
VisualStudioVersion = 17.14.36414.22
MinimumVisualStudioVersion = 10.0.40219.1
Project("{FAE04EC0-301F-11D3-BF4B-00C04F79EFBC}") = "Restoran", "Restoran.csproj", "{18A954A7-570A-483C-942B-621BA8360BE7}"
EndProject
Project("{FAE04EC0-301F-11D3-BF4B-00C04F79EFBC}") = "Restoran.test", "..\Restoran.test\Restoran.test.csproj", "{B1E9A36B-2E73-49D7-83DB-5CE913F0765B}"
EndProject
Global
	GlobalSection(SolutionConfigurationPlatforms) = preSolution
		Debug|Any CPU = Debug|Any CPU
		Release|Any CPU = Release|Any CPU
	EndGlobalSection
	GlobalSection(ProjectConfigurationPlatforms) = postSolution
		{18A954A7-570A-483C-942B-621BA8360BE7}.Debug|Any CPU.ActiveCfg = Debug|Any CPU
		{18A954A7-570A-483C-942B-621BA8360BE7}.Debug|Any CPU.Build.0 = Debug|Any CPU
		{18A954A7-570A-483C-942B-621BA8360BE7}.Release|Any CPU.ActiveCfg = Release|Any CPU
		{18A954A7-570A-483C-942B-621BA8360BE7}.Release|Any CPU.Build.0 = Release|Any CPU
		{B1E9A36B-2E73-49D7-83DB-5CE913F0765B}.Debug|Any CPU.ActiveCfg = Debug|Any CPU
		{B1E9A36B-2E73-49D7-83DB-5CE913F0765B}.Debug|Any CPU.Build.0 = Debug|Any CPU
		{B1E9A36B-2E73-49D7-83DB-5CE913F0765B}.Release|Any CPU.ActiveCfg = Release|Any CPU
		{B1E9A36B-2E73-49D7-83DB-5CE913F0765B}.Release|Any CPU.Build.0 = Release|Any CPU
	EndGlobalSection
	GlobalSection(SolutionProperties) = preSolution
		HideSolutionNode = FALSE
	EndGlobalSection
	GlobalSection(ExtensibilityGlobals) = postSolution
		SolutionGuid = {628EF69A-8E0C-44EE-BFE2-8F67A9C0CA86}
	EndGlobalSection
EndGlobal
